// !$*UTF8*$!
{
	archiveVersion = 1;
	classes = {
	};
	objectVersion = 46;
	objects = {

/* Begin PBXBuildFile section */
		08D0587BB2B64BFA1802FDB6 /* Pods_coursework.framework in Frameworks */ = {isa = PBXBuildFile; fileRef = 2C74D8FA7EF67626F361BBBD /* Pods_coursework.framework */; };
		A0BCF85D1E5E9658004D8318 /* AppDelegate.swift in Sources */ = {isa = PBXBuildFile; fileRef = A0BCF85C1E5E9658004D8318 /* AppDelegate.swift */; };
		A0BCF85F1E5E9658004D8318 /* SignInVC.swift in Sources */ = {isa = PBXBuildFile; fileRef = A0BCF85E1E5E9658004D8318 /* SignInVC.swift */; };
		A0BCF8621E5E9658004D8318 /* Main.storyboard in Resources */ = {isa = PBXBuildFile; fileRef = A0BCF8601E5E9658004D8318 /* Main.storyboard */; };
		A0BCF8641E5E9658004D8318 /* Assets.xcassets in Resources */ = {isa = PBXBuildFile; fileRef = A0BCF8631E5E9658004D8318 /* Assets.xcassets */; };
		A0BCF8671E5E9658004D8318 /* LaunchScreen.storyboard in Resources */ = {isa = PBXBuildFile; fileRef = A0BCF8651E5E9658004D8318 /* LaunchScreen.storyboard */; };
		A0BCF8751E5EA46B004D8318 /* FancyView.swift in Sources */ = {isa = PBXBuildFile; fileRef = A0BCF8741E5EA46B004D8318 /* FancyView.swift */; };
		A0BCF8781E5EA4CA004D8318 /* Constants.swift in Sources */ = {isa = PBXBuildFile; fileRef = A0BCF8771E5EA4CA004D8318 /* Constants.swift */; };
		A0BCF87A1E5EA630004D8318 /* RoundBtn.swift in Sources */ = {isa = PBXBuildFile; fileRef = A0BCF8791E5EA630004D8318 /* RoundBtn.swift */; };
		A0BCF87C1E5EA753004D8318 /* FancyField.swift in Sources */ = {isa = PBXBuildFile; fileRef = A0BCF87B1E5EA753004D8318 /* FancyField.swift */; };
		A0BCF87E1E5EA828004D8318 /* FancyBtn.swift in Sources */ = {isa = PBXBuildFile; fileRef = A0BCF87D1E5EA828004D8318 /* FancyBtn.swift */; };
		A0BCF8811E5ECE92004D8318 /* GoogleService-Info.plist in Resources */ = {isa = PBXBuildFile; fileRef = A0BCF8801E5ECE92004D8318 /* GoogleService-Info.plist */; };
		A0BCF8831E5EDF9E004D8318 /* FeedVC.swift in Sources */ = {isa = PBXBuildFile; fileRef = A0BCF8821E5EDF9E004D8318 /* FeedVC.swift */; };
		A0BCF8851E5EFF81004D8318 /* CircleView.swift in Sources */ = {isa = PBXBuildFile; fileRef = A0BCF8841E5EFF81004D8318 /* CircleView.swift */; };
/* End PBXBuildFile section */

/* Begin PBXFileReference section */
		2C74D8FA7EF67626F361BBBD /* Pods_coursework.framework */ = {isa = PBXFileReference; explicitFileType = wrapper.framework; includeInIndex = 0; path = Pods_coursework.framework; sourceTree = BUILT_PRODUCTS_DIR; };
		997F02CA9E7EAD071B09A324 /* Pods-coursework.debug.xcconfig */ = {isa = PBXFileReference; includeInIndex = 1; lastKnownFileType = text.xcconfig; name = "Pods-coursework.debug.xcconfig"; path = "Pods/Target Support Files/Pods-coursework/Pods-coursework.debug.xcconfig"; sourceTree = "<group>"; };
		A0BCF8591E5E9658004D8318 /* coursework.app */ = {isa = PBXFileReference; explicitFileType = wrapper.application; includeInIndex = 0; path = coursework.app; sourceTree = BUILT_PRODUCTS_DIR; };
		A0BCF85C1E5E9658004D8318 /* AppDelegate.swift */ = {isa = PBXFileReference; lastKnownFileType = sourcecode.swift; path = AppDelegate.swift; sourceTree = "<group>"; };
		A0BCF85E1E5E9658004D8318 /* SignInVC.swift */ = {isa = PBXFileReference; lastKnownFileType = sourcecode.swift; path = SignInVC.swift; sourceTree = "<group>"; };
		A0BCF8611E5E9658004D8318 /* Base */ = {isa = PBXFileReference; lastKnownFileType = file.storyboard; name = Base; path = Base.lproj/Main.storyboard; sourceTree = "<group>"; };
		A0BCF8631E5E9658004D8318 /* Assets.xcassets */ = {isa = PBXFileReference; lastKnownFileType = folder.assetcatalog; path = Assets.xcassets; sourceTree = "<group>"; };
		A0BCF8661E5E9658004D8318 /* Base */ = {isa = PBXFileReference; lastKnownFileType = file.storyboard; name = Base; path = Base.lproj/LaunchScreen.storyboard; sourceTree = "<group>"; };
		A0BCF8681E5E9658004D8318 /* Info.plist */ = {isa = PBXFileReference; lastKnownFileType = text.plist.xml; path = Info.plist; sourceTree = "<group>"; };
		A0BCF8741E5EA46B004D8318 /* FancyView.swift */ = {isa = PBXFileReference; fileEncoding = 4; lastKnownFileType = sourcecode.swift; path = FancyView.swift; sourceTree = "<group>"; };
		A0BCF8771E5EA4CA004D8318 /* Constants.swift */ = {isa = PBXFileReference; fileEncoding = 4; lastKnownFileType = sourcecode.swift; path = Constants.swift; sourceTree = "<group>"; };
		A0BCF8791E5EA630004D8318 /* RoundBtn.swift */ = {isa = PBXFileReference; fileEncoding = 4; lastKnownFileType = sourcecode.swift; path = RoundBtn.swift; sourceTree = "<group>"; };
		A0BCF87B1E5EA753004D8318 /* FancyField.swift */ = {isa = PBXFileReference; fileEncoding = 4; lastKnownFileType = sourcecode.swift; path = FancyField.swift; sourceTree = "<group>"; };
		A0BCF87D1E5EA828004D8318 /* FancyBtn.swift */ = {isa = PBXFileReference; fileEncoding = 4; lastKnownFileType = sourcecode.swift; path = FancyBtn.swift; sourceTree = "<group>"; };
		A0BCF87F1E5EB97A004D8318 /* coursework.entitlements */ = {isa = PBXFileReference; lastKnownFileType = text.plist.entitlements; path = coursework.entitlements; sourceTree = "<group>"; };
		A0BCF8801E5ECE92004D8318 /* GoogleService-Info.plist */ = {isa = PBXFileReference; fileEncoding = 4; lastKnownFileType = text.plist.xml; path = "GoogleService-Info.plist"; sourceTree = "<group>"; };
		A0BCF8821E5EDF9E004D8318 /* FeedVC.swift */ = {isa = PBXFileReference; fileEncoding = 4; lastKnownFileType = sourcecode.swift; path = FeedVC.swift; sourceTree = "<group>"; };
		A0BCF8841E5EFF81004D8318 /* CircleView.swift */ = {isa = PBXFileReference; fileEncoding = 4; lastKnownFileType = sourcecode.swift; path = CircleView.swift; sourceTree = "<group>"; };
		C95864200C4469210249C7D7 /* Pods-coursework.release.xcconfig */ = {isa = PBXFileReference; includeInIndex = 1; lastKnownFileType = text.xcconfig; name = "Pods-coursework.release.xcconfig"; path = "Pods/Target Support Files/Pods-coursework/Pods-coursework.release.xcconfig"; sourceTree = "<group>"; };
/* End PBXFileReference section */

/* Begin PBXFrameworksBuildPhase section */
		A0BCF8561E5E9657004D8318 /* Frameworks */ = {
			isa = PBXFrameworksBuildPhase;
			buildActionMask = 2147483647;
			files = (
				08D0587BB2B64BFA1802FDB6 /* Pods_coursework.framework in Frameworks */,
			);
			runOnlyForDeploymentPostprocessing = 0;
		};
/* End PBXFrameworksBuildPhase section */

/* Begin PBXGroup section */
		6082C7EC3117676629F33A4A /* Frameworks */ = {
			isa = PBXGroup;
			children = (
				2C74D8FA7EF67626F361BBBD /* Pods_coursework.framework */,
			);
			name = Frameworks;
			sourceTree = "<group>";
		};
		A0BCF8501E5E9657004D8318 = {
			isa = PBXGroup;
			children = (
				A0BCF85B1E5E9658004D8318 /* coursework */,
				A0BCF85A1E5E9658004D8318 /* Products */,
				F9EE125D5B94D52D2460DE2B /* Pods */,
				6082C7EC3117676629F33A4A /* Frameworks */,
			);
			sourceTree = "<group>";
		};
		A0BCF85A1E5E9658004D8318 /* Products */ = {
			isa = PBXGroup;
			children = (
				A0BCF8591E5E9658004D8318 /* coursework.app */,
			);
			name = Products;
			sourceTree = "<group>";
		};
		A0BCF85B1E5E9658004D8318 /* coursework */ = {
			isa = PBXGroup;
			children = (
				A0BCF87F1E5EB97A004D8318 /* coursework.entitlements */,
				A0BCF8761E5EA4A9004D8318 /* Util */,
				A0BCF8721E5E99D3004D8318 /* Model */,
				A0BCF8711E5E99C5004D8318 /* Controller */,
				A0BCF8701E5E99BD004D8318 /* View */,
				A0BCF85C1E5E9658004D8318 /* AppDelegate.swift */,
				A0BCF8601E5E9658004D8318 /* Main.storyboard */,
				A0BCF8631E5E9658004D8318 /* Assets.xcassets */,
				A0BCF8651E5E9658004D8318 /* LaunchScreen.storyboard */,
				A0BCF8681E5E9658004D8318 /* Info.plist */,
				A0BCF8801E5ECE92004D8318 /* GoogleService-Info.plist */,
			);
			path = coursework;
			sourceTree = "<group>";
		};
		A0BCF8701E5E99BD004D8318 /* View */ = {
			isa = PBXGroup;
			children = (
				A0BCF8741E5EA46B004D8318 /* FancyView.swift */,
				A0BCF8791E5EA630004D8318 /* RoundBtn.swift */,
				A0BCF87B1E5EA753004D8318 /* FancyField.swift */,
				A0BCF87D1E5EA828004D8318 /* FancyBtn.swift */,
				A0BCF8841E5EFF81004D8318 /* CircleView.swift */,
			);
			name = View;
			sourceTree = "<group>";
		};
		A0BCF8711E5E99C5004D8318 /* Controller */ = {
			isa = PBXGroup;
			children = (
				A0BCF85E1E5E9658004D8318 /* SignInVC.swift */,
				A0BCF8821E5EDF9E004D8318 /* FeedVC.swift */,
			);
			name = Controller;
			sourceTree = "<group>";
		};
		A0BCF8721E5E99D3004D8318 /* Model */ = {
			isa = PBXGroup;
			children = (
			);
			name = Model;
			sourceTree = "<group>";
		};
		A0BCF8761E5EA4A9004D8318 /* Util */ = {
			isa = PBXGroup;
			children = (
				A0BCF8771E5EA4CA004D8318 /* Constants.swift */,
			);
			name = Util;
			sourceTree = "<group>";
		};
		F9EE125D5B94D52D2460DE2B /* Pods */ = {
			isa = PBXGroup;
			children = (
				997F02CA9E7EAD071B09A324 /* Pods-coursework.debug.xcconfig */,
				C95864200C4469210249C7D7 /* Pods-coursework.release.xcconfig */,
			);
			name = Pods;
			sourceTree = "<group>";
		};
/* End PBXGroup section */

/* Begin PBXNativeTarget section */
		A0BCF8581E5E9657004D8318 /* coursework */ = {
			isa = PBXNativeTarget;
			buildConfigurationList = A0BCF86B1E5E9658004D8318 /* Build configuration list for PBXNativeTarget "coursework" */;
			buildPhases = (
				5DCD10BBAB0A3BCF89960222 /* [CP] Check Pods Manifest.lock */,
				A0BCF8551E5E9657004D8318 /* Sources */,
				A0BCF8561E5E9657004D8318 /* Frameworks */,
				A0BCF8571E5E9657004D8318 /* Resources */,
				613BDE5AF5EC020B4FC4AE09 /* [CP] Embed Pods Frameworks */,
				C20CB02F0B28E74FB488F980 /* [CP] Copy Pods Resources */,
			);
			buildRules = (
			);
			dependencies = (
			);
			name = coursework;
			productName = coursework;
			productReference = A0BCF8591E5E9658004D8318 /* coursework.app */;
			productType = "com.apple.product-type.application";
		};
/* End PBXNativeTarget section */

/* Begin PBXProject section */
		A0BCF8511E5E9657004D8318 /* Project object */ = {
			isa = PBXProject;
			attributes = {
				LastSwiftUpdateCheck = 0820;
				LastUpgradeCheck = 0820;
				ORGANIZATIONNAME = "Nathan Jayawardene";
				TargetAttributes = {
					A0BCF8581E5E9657004D8318 = {
						CreatedOnToolsVersion = 8.2.1;
						DevelopmentTeam = L4LN279HF8;
						ProvisioningStyle = Automatic;
						SystemCapabilities = {
							com.apple.Keychain = {
								enabled = 1;
							};
						};
					};
				};
			};
			buildConfigurationList = A0BCF8541E5E9657004D8318 /* Build configuration list for PBXProject "coursework" */;
			compatibilityVersion = "Xcode 3.2";
			developmentRegion = English;
			hasScannedForEncodings = 0;
			knownRegions = (
				en,
				Base,
			);
			mainGroup = A0BCF8501E5E9657004D8318;
			productRefGroup = A0BCF85A1E5E9658004D8318 /* Products */;
			projectDirPath = "";
			projectRoot = "";
			targets = (
				A0BCF8581E5E9657004D8318 /* coursework */,
			);
		};
/* End PBXProject section */

/* Begin PBXResourcesBuildPhase section */
		A0BCF8571E5E9657004D8318 /* Resources */ = {
			isa = PBXResourcesBuildPhase;
			buildActionMask = 2147483647;
			files = (
				A0BCF8671E5E9658004D8318 /* LaunchScreen.storyboard in Resources */,
				A0BCF8641E5E9658004D8318 /* Assets.xcassets in Resources */,
				A0BCF8811E5ECE92004D8318 /* GoogleService-Info.plist in Resources */,
				A0BCF8621E5E9658004D8318 /* Main.storyboard in Resources */,
			);
			runOnlyForDeploymentPostprocessing = 0;
		};
/* End PBXResourcesBuildPhase section */

/* Begin PBXShellScriptBuildPhase section */
		5DCD10BBAB0A3BCF89960222 /* [CP] Check Pods Manifest.lock */ = {
			isa = PBXShellScriptBuildPhase;
			buildActionMask = 2147483647;
			files = (
			);
			inputPaths = (
			);
			name = "[CP] Check Pods Manifest.lock";
			outputPaths = (
			);
			runOnlyForDeploymentPostprocessing = 0;
			shellPath = /bin/sh;
			shellScript = "diff \"${PODS_ROOT}/../Podfile.lock\" \"${PODS_ROOT}/Manifest.lock\" > /dev/null\nif [ $? != 0 ] ; then\n    # print error to STDERR\n    echo \"error: The sandbox is not in sync with the Podfile.lock. Run 'pod install' or update your CocoaPods installation.\" >&2\n    exit 1\nfi\n";
			showEnvVarsInLog = 0;
		};
		613BDE5AF5EC020B4FC4AE09 /* [CP] Embed Pods Frameworks */ = {
			isa = PBXShellScriptBuildPhase;
			buildActionMask = 2147483647;
			files = (
			);
			inputPaths = (
			);
			name = "[CP] Embed Pods Frameworks";
			outputPaths = (
			);
			runOnlyForDeploymentPostprocessing = 0;
			shellPath = /bin/sh;
			shellScript = "\"${SRCROOT}/Pods/Target Support Files/Pods-coursework/Pods-coursework-frameworks.sh\"\n";
			showEnvVarsInLog = 0;
		};
		C20CB02F0B28E74FB488F980 /* [CP] Copy Pods Resources */ = {
			isa = PBXShellScriptBuildPhase;
			buildActionMask = 2147483647;
			files = (
			);
			inputPaths = (
			);
			name = "[CP] Copy Pods Resources";
			outputPaths = (
			);
			runOnlyForDeploymentPostprocessing = 0;
			shellPath = /bin/sh;
			shellScript = "\"${SRCROOT}/Pods/Target Support Files/Pods-coursework/Pods-coursework-resources.sh\"\n";
			showEnvVarsInLog = 0;
		};
/* End PBXShellScriptBuildPhase section */

/* Begin PBXSourcesBuildPhase section */
		A0BCF8551E5E9657004D8318 /* Sources */ = {
			isa = PBXSourcesBuildPhase;
			buildActionMask = 2147483647;
			files = (
				A0BCF8851E5EFF81004D8318 /* CircleView.swift in Sources */,
				A0BCF87C1E5EA753004D8318 /* FancyField.swift in Sources */,
				A0BCF85F1E5E9658004D8318 /* SignInVC.swift in Sources */,
				A0BCF87A1E5EA630004D8318 /* RoundBtn.swift in Sources */,
				A0BCF85D1E5E9658004D8318 /* AppDelegate.swift in Sources */,
				A0BCF8831E5EDF9E004D8318 /* FeedVC.swift in Sources */,
				A0BCF8751E5EA46B004D8318 /* FancyView.swift in Sources */,
				A0BCF8781E5EA4CA004D8318 /* Constants.swift in Sources */,
				A0BCF87E1E5EA828004D8318 /* FancyBtn.swift in Sources */,
			);
			runOnlyForDeploymentPostprocessing = 0;
		};
/* End PBXSourcesBuildPhase section */

/* Begin PBXVariantGroup section */
		A0BCF8601E5E9658004D8318 /* Main.storyboard */ = {
			isa = PBXVariantGroup;
			children = (
				A0BCF8611E5E9658004D8318 /* Base */,
			);
			name = Main.storyboard;
			sourceTree = "<group>";
		};
		A0BCF8651E5E9658004D8318 /* LaunchScreen.storyboard */ = {
			isa = PBXVariantGroup;
			children = (
				A0BCF8661E5E9658004D8318 /* Base */,
			);
			name = LaunchScreen.storyboard;
			sourceTree = "<group>";
		};
/* End PBXVariantGroup section */

/* Begin XCBuildConfiguration section */
		A0BCF8691E5E9658004D8318 /* Debug */ = {
			isa = XCBuildConfiguration;
			buildSettings = {
				ALWAYS_SEARCH_USER_PATHS = NO;
				CLANG_ANALYZER_NONNULL = YES;
				CLANG_CXX_LANGUAGE_STANDARD = "gnu++0x";
				CLANG_CXX_LIBRARY = "libc++";
				CLANG_ENABLE_MODULES = YES;
				CLANG_ENABLE_OBJC_ARC = YES;
				CLANG_WARN_BOOL_CONVERSION = YES;
				CLANG_WARN_CONSTANT_CONVERSION = YES;
				CLANG_WARN_DIRECT_OBJC_ISA_USAGE = YES_ERROR;
				CLANG_WARN_DOCUMENTATION_COMMENTS = YES;
				CLANG_WARN_EMPTY_BODY = YES;
				CLANG_WARN_ENUM_CONVERSION = YES;
				CLANG_WARN_INFINITE_RECURSION = YES;
				CLANG_WARN_INT_CONVERSION = YES;
				CLANG_WARN_OBJC_ROOT_CLASS = YES_ERROR;
				CLANG_WARN_SUSPICIOUS_MOVE = YES;
				CLANG_WARN_UNREACHABLE_CODE = YES;
				CLANG_WARN__DUPLICATE_METHOD_MATCH = YES;
				"CODE_SIGN_IDENTITY[sdk=iphoneos*]" = "iPhone Developer";
				COPY_PHASE_STRIP = NO;
				DEBUG_INFORMATION_FORMAT = dwarf;
				ENABLE_STRICT_OBJC_MSGSEND = YES;
				ENABLE_TESTABILITY = YES;
				GCC_C_LANGUAGE_STANDARD = gnu99;
				GCC_DYNAMIC_NO_PIC = NO;
				GCC_NO_COMMON_BLOCKS = YES;
				GCC_OPTIMIZATION_LEVEL = 0;
				GCC_PREPROCESSOR_DEFINITIONS = (
					"DEBUG=1",
					"$(inherited)",
				);
				GCC_WARN_64_TO_32_BIT_CONVERSION = YES;
				GCC_WARN_ABOUT_RETURN_TYPE = YES_ERROR;
				GCC_WARN_UNDECLARED_SELECTOR = YES;
				GCC_WARN_UNINITIALIZED_AUTOS = YES_AGGRESSIVE;
				GCC_WARN_UNUSED_FUNCTION = YES;
				GCC_WARN_UNUSED_VARIABLE = YES;
				IPHONEOS_DEPLOYMENT_TARGET = 10.2;
				MTL_ENABLE_DEBUG_INFO = YES;
				ONLY_ACTIVE_ARCH = YES;
				SDKROOT = iphoneos;
				SWIFT_ACTIVE_COMPILATION_CONDITIONS = DEBUG;
				SWIFT_OPTIMIZATION_LEVEL = "-Onone";
			};
			name = Debug;
		};
		A0BCF86A1E5E9658004D8318 /* Release */ = {
			isa = XCBuildConfiguration;
			buildSettings = {
				ALWAYS_SEARCH_USER_PATHS = NO;
				CLANG_ANALYZER_NONNULL = YES;
				CLANG_CXX_LANGUAGE_STANDARD = "gnu++0x";
				CLANG_CXX_LIBRARY = "libc++";
				CLANG_ENABLE_MODULES = YES;
				CLANG_ENABLE_OBJC_ARC = YES;
				CLANG_WARN_BOOL_CONVERSION = YES;
				CLANG_WARN_CONSTANT_CONVERSION = YES;
				CLANG_WARN_DIRECT_OBJC_ISA_USAGE = YES_ERROR;
				CLANG_WARN_DOCUMENTATION_COMMENTS = YES;
				CLANG_WARN_EMPTY_BODY = YES;
				CLANG_WARN_ENUM_CONVERSION = YES;
				CLANG_WARN_INFINITE_RECURSION = YES;
				CLANG_WARN_INT_CONVERSION = YES;
				CLANG_WARN_OBJC_ROOT_CLASS = YES_ERROR;
				CLANG_WARN_SUSPICIOUS_MOVE = YES;
				CLANG_WARN_UNREACHABLE_CODE = YES;
				CLANG_WARN__DUPLICATE_METHOD_MATCH = YES;
				"CODE_SIGN_IDENTITY[sdk=iphoneos*]" = "iPhone Developer";
				COPY_PHASE_STRIP = NO;
				DEBUG_INFORMATION_FORMAT = "dwarf-with-dsym";
				ENABLE_NS_ASSERTIONS = NO;
				ENABLE_STRICT_OBJC_MSGSEND = YES;
				GCC_C_LANGUAGE_STANDARD = gnu99;
				GCC_NO_COMMON_BLOCKS = YES;
				GCC_WARN_64_TO_32_BIT_CONVERSION = YES;
				GCC_WARN_ABOUT_RETURN_TYPE = YES_ERROR;
				GCC_WARN_UNDECLARED_SELECTOR = YES;
				GCC_WARN_UNINITIALIZED_AUTOS = YES_AGGRESSIVE;
				GCC_WARN_UNUSED_FUNCTION = YES;
				GCC_WARN_UNUSED_VARIABLE = YES;
				IPHONEOS_DEPLOYMENT_TARGET = 10.2;
				MTL_ENABLE_DEBUG_INFO = NO;
				SDKROOT = iphoneos;
				SWIFT_OPTIMIZATION_LEVEL = "-Owholemodule";
				VALIDATE_PRODUCT = YES;
			};
			name = Release;
		};
		A0BCF86C1E5E9658004D8318 /* Debug */ = {
			isa = XCBuildConfiguration;
			baseConfigurationReference = 997F02CA9E7EAD071B09A324 /* Pods-coursework.debug.xcconfig */;
			buildSettings = {
				ASSETCATALOG_COMPILER_APPICON_NAME = AppIcon;
				CODE_SIGN_ENTITLEMENTS = coursework/coursework.entitlements;
				DEVELOPMENT_TEAM = L4LN279HF8;
				INFOPLIST_FILE = coursework/Info.plist;
				LD_RUNPATH_SEARCH_PATHS = "$(inherited) @executable_path/Frameworks";
				PRODUCT_BUNDLE_IDENTIFIER = com.nathan.coursework;
				PRODUCT_NAME = "$(TARGET_NAME)";
				SWIFT_VERSION = 3.0;
			};
			name = Debug;
		};
		A0BCF86D1E5E9658004D8318 /* Release */ = {
			isa = XCBuildConfiguration;
			baseConfigurationReference = C95864200C4469210249C7D7 /* Pods-coursework.release.xcconfig */;
			buildSettings = {
				ASSETCATALOG_COMPILER_APPICON_NAME = AppIcon;
				CODE_SIGN_ENTITLEMENTS = coursework/coursework.entitlements;
				DEVELOPMENT_TEAM = L4LN279HF8;
				INFOPLIST_FILE = coursework/Info.plist;
				LD_RUNPATH_SEARCH_PATHS = "$(inherited) @executable_path/Frameworks";
				PRODUCT_BUNDLE_IDENTIFIER = com.nathan.coursework;
				PRODUCT_NAME = "$(TARGET_NAME)";
				SWIFT_VERSION = 3.0;
			};
			name = Release;
		};
/* End XCBuildConfiguration section */

/* Begin XCConfigurationList section */
		A0BCF8541E5E9657004D8318 /* Build configuration list for PBXProject "coursework" */ = {
			isa = XCConfigurationList;
			buildConfigurations = (
				A0BCF8691E5E9658004D8318 /* Debug */,
				A0BCF86A1E5E9658004D8318 /* Release */,
			);
			defaultConfigurationIsVisible = 0;
			defaultConfigurationName = Release;
		};
		A0BCF86B1E5E9658004D8318 /* Build configuration list for PBXNativeTarget "coursework" */ = {
			isa = XCConfigurationList;
			buildConfigurations = (
				A0BCF86C1E5E9658004D8318 /* Debug */,
				A0BCF86D1E5E9658004D8318 /* Release */,
			);
			defaultConfigurationIsVisible = 0;
			defaultConfigurationName = Release;
		};
/* End XCConfigurationList section */
	};
	rootObject = A0BCF8511E5E9657004D8318 /* Project object */;
}
